// !$*UTF8*$!
{
	archiveVersion = 1;
	classes = {
	};
	objectVersion = 46;
	objects = {

/* Begin PBXBuildFile section */
		6070E7261DD9FDE500463B39 /* main.m in Sources */ = {isa = PBXBuildFile; fileRef = 6070E7251DD9FDE500463B39 /* main.m */; };
		6070E7291DD9FDE500463B39 /* AppDelegate.m in Sources */ = {isa = PBXBuildFile; fileRef = 6070E7281DD9FDE500463B39 /* AppDelegate.m */; };
		6070E72C1DD9FDE500463B39 /* ViewController.m in Sources */ = {isa = PBXBuildFile; fileRef = 6070E72B1DD9FDE500463B39 /* ViewController.m */; };
		6070E72F1DD9FDE500463B39 /* Main.storyboard in Resources */ = {isa = PBXBuildFile; fileRef = 6070E72D1DD9FDE500463B39 /* Main.storyboard */; };
		6070E7311DD9FDE500463B39 /* Assets.xcassets in Resources */ = {isa = PBXBuildFile; fileRef = 6070E7301DD9FDE500463B39 /* Assets.xcassets */; };
		6070E7341DD9FDE500463B39 /* LaunchScreen.storyboard in Resources */ = {isa = PBXBuildFile; fileRef = 6070E7321DD9FDE500463B39 /* LaunchScreen.storyboard */; };
		6070E73F1DD9FDE500463B39 /* DynamicOnboardingTests.m in Sources */ = {isa = PBXBuildFile; fileRef = 6070E73E1DD9FDE500463B39 /* DynamicOnboardingTests.m */; };
		6070E74A1DD9FDE500463B39 /* DynamicOnboardingUITests.m in Sources */ = {isa = PBXBuildFile; fileRef = 6070E7491DD9FDE500463B39 /* DynamicOnboardingUITests.m */; };
		6070E7591DD9FFA400463B39 /* AVFoundation.framework in Frameworks */ = {isa = PBXBuildFile; fileRef = 6070E7581DD9FFA400463B39 /* AVFoundation.framework */; };
		6070E75B1DD9FFAA00463B39 /* Security.framework in Frameworks */ = {isa = PBXBuildFile; fileRef = 6070E75A1DD9FFAA00463B39 /* Security.framework */; };
		6070E75D1DD9FFAE00463B39 /* SystemConfiguration.framework in Frameworks */ = {isa = PBXBuildFile; fileRef = 6070E75C1DD9FFAE00463B39 /* SystemConfiguration.framework */; };
		6070E75F1DD9FFC300463B39 /* ElastiCode.framework in Frameworks */ = {isa = PBXBuildFile; fileRef = 6070E75E1DD9FFC300463B39 /* ElastiCode.framework */; };
/* End PBXBuildFile section */

/* Begin PBXContainerItemProxy section */
		6070E73B1DD9FDE500463B39 /* PBXContainerItemProxy */ = {
			isa = PBXContainerItemProxy;
			containerPortal = 6070E7191DD9FDE500463B39 /* Project object */;
			proxyType = 1;
			remoteGlobalIDString = 6070E7201DD9FDE500463B39;
			remoteInfo = DynamicOnboarding;
		};
		6070E7461DD9FDE500463B39 /* PBXContainerItemProxy */ = {
			isa = PBXContainerItemProxy;
			containerPortal = 6070E7191DD9FDE500463B39 /* Project object */;
			proxyType = 1;
			remoteGlobalIDString = 6070E7201DD9FDE500463B39;
			remoteInfo = DynamicOnboarding;
		};
/* End PBXContainerItemProxy section */

/* Begin PBXFileReference section */
		6070E7211DD9FDE500463B39 /* DynamicOnboarding.app */ = {isa = PBXFileReference; explicitFileType = wrapper.application; includeInIndex = 0; path = DynamicOnboarding.app; sourceTree = BUILT_PRODUCTS_DIR; };
		6070E7251DD9FDE500463B39 /* main.m */ = {isa = PBXFileReference; lastKnownFileType = sourcecode.c.objc; path = main.m; sourceTree = "<group>"; };
		6070E7271DD9FDE500463B39 /* AppDelegate.h */ = {isa = PBXFileReference; lastKnownFileType = sourcecode.c.h; path = AppDelegate.h; sourceTree = "<group>"; };
		6070E7281DD9FDE500463B39 /* AppDelegate.m */ = {isa = PBXFileReference; lastKnownFileType = sourcecode.c.objc; path = AppDelegate.m; sourceTree = "<group>"; };
		6070E72A1DD9FDE500463B39 /* ViewController.h */ = {isa = PBXFileReference; lastKnownFileType = sourcecode.c.h; path = ViewController.h; sourceTree = "<group>"; };
		6070E72B1DD9FDE500463B39 /* ViewController.m */ = {isa = PBXFileReference; lastKnownFileType = sourcecode.c.objc; path = ViewController.m; sourceTree = "<group>"; };
		6070E72E1DD9FDE500463B39 /* Base */ = {isa = PBXFileReference; lastKnownFileType = file.storyboard; name = Base; path = Base.lproj/Main.storyboard; sourceTree = "<group>"; };
		6070E7301DD9FDE500463B39 /* Assets.xcassets */ = {isa = PBXFileReference; lastKnownFileType = folder.assetcatalog; path = Assets.xcassets; sourceTree = "<group>"; };
		6070E7331DD9FDE500463B39 /* Base */ = {isa = PBXFileReference; lastKnownFileType = file.storyboard; name = Base; path = Base.lproj/LaunchScreen.storyboard; sourceTree = "<group>"; };
		6070E7351DD9FDE500463B39 /* Info.plist */ = {isa = PBXFileReference; lastKnownFileType = text.plist.xml; path = Info.plist; sourceTree = "<group>"; };
		6070E73A1DD9FDE500463B39 /* DynamicOnboardingTests.xctest */ = {isa = PBXFileReference; explicitFileType = wrapper.cfbundle; includeInIndex = 0; path = DynamicOnboardingTests.xctest; sourceTree = BUILT_PRODUCTS_DIR; };
		6070E73E1DD9FDE500463B39 /* DynamicOnboardingTests.m */ = {isa = PBXFileReference; lastKnownFileType = sourcecode.c.objc; path = DynamicOnboardingTests.m; sourceTree = "<group>"; };
		6070E7401DD9FDE500463B39 /* Info.plist */ = {isa = PBXFileReference; lastKnownFileType = text.plist.xml; path = Info.plist; sourceTree = "<group>"; };
		6070E7451DD9FDE500463B39 /* DynamicOnboardingUITests.xctest */ = {isa = PBXFileReference; explicitFileType = wrapper.cfbundle; includeInIndex = 0; path = DynamicOnboardingUITests.xctest; sourceTree = BUILT_PRODUCTS_DIR; };
		6070E7491DD9FDE500463B39 /* DynamicOnboardingUITests.m */ = {isa = PBXFileReference; lastKnownFileType = sourcecode.c.objc; path = DynamicOnboardingUITests.m; sourceTree = "<group>"; };
		6070E74B1DD9FDE500463B39 /* Info.plist */ = {isa = PBXFileReference; lastKnownFileType = text.plist.xml; path = Info.plist; sourceTree = "<group>"; };
		6070E7581DD9FFA400463B39 /* AVFoundation.framework */ = {isa = PBXFileReference; lastKnownFileType = wrapper.framework; name = AVFoundation.framework; path = System/Library/Frameworks/AVFoundation.framework; sourceTree = SDKROOT; };
		6070E75A1DD9FFAA00463B39 /* Security.framework */ = {isa = PBXFileReference; lastKnownFileType = wrapper.framework; name = Security.framework; path = System/Library/Frameworks/Security.framework; sourceTree = SDKROOT; };
		6070E75C1DD9FFAE00463B39 /* SystemConfiguration.framework */ = {isa = PBXFileReference; lastKnownFileType = wrapper.framework; name = SystemConfiguration.framework; path = System/Library/Frameworks/SystemConfiguration.framework; sourceTree = SDKROOT; };
		6070E75E1DD9FFC300463B39 /* ElastiCode.framework */ = {isa = PBXFileReference; lastKnownFileType = wrapper.framework; path = ElastiCode.framework; sourceTree = "<group>"; };
/* End PBXFileReference section */

/* Begin PBXFrameworksBuildPhase section */
		6070E71E1DD9FDE500463B39 /* Frameworks */ = {
			isa = PBXFrameworksBuildPhase;
			buildActionMask = 2147483647;
			files = (
				6070E75D1DD9FFAE00463B39 /* SystemConfiguration.framework in Frameworks */,
				6070E75F1DD9FFC300463B39 /* ElastiCode.framework in Frameworks */,
				6070E75B1DD9FFAA00463B39 /* Security.framework in Frameworks */,
				6070E7591DD9FFA400463B39 /* AVFoundation.framework in Frameworks */,
			);
			runOnlyForDeploymentPostprocessing = 0;
		};
		6070E7371DD9FDE500463B39 /* Frameworks */ = {
			isa = PBXFrameworksBuildPhase;
			buildActionMask = 2147483647;
			files = (
			);
			runOnlyForDeploymentPostprocessing = 0;
		};
		6070E7421DD9FDE500463B39 /* Frameworks */ = {
			isa = PBXFrameworksBuildPhase;
			buildActionMask = 2147483647;
			files = (
			);
			runOnlyForDeploymentPostprocessing = 0;
		};
/* End PBXFrameworksBuildPhase section */

/* Begin PBXGroup section */
		6070E7181DD9FDE500463B39 = {
			isa = PBXGroup;
			children = (
				6070E7231DD9FDE500463B39 /* DynamicOnboarding */,
				6070E73D1DD9FDE500463B39 /* DynamicOnboardingTests */,
				6070E7481DD9FDE500463B39 /* DynamicOnboardingUITests */,
				6070E7221DD9FDE500463B39 /* Products */,
				6070E7571DD9FFA400463B39 /* Frameworks */,
			);
			sourceTree = "<group>";
		};
		6070E7221DD9FDE500463B39 /* Products */ = {
			isa = PBXGroup;
			children = (
				6070E7211DD9FDE500463B39 /* DynamicOnboarding.app */,
				6070E73A1DD9FDE500463B39 /* DynamicOnboardingTests.xctest */,
				6070E7451DD9FDE500463B39 /* DynamicOnboardingUITests.xctest */,
			);
			name = Products;
			sourceTree = "<group>";
		};
		6070E7231DD9FDE500463B39 /* DynamicOnboarding */ = {
			isa = PBXGroup;
			children = (
				6070E75E1DD9FFC300463B39 /* ElastiCode.framework */,
				6070E7271DD9FDE500463B39 /* AppDelegate.h */,
				6070E7281DD9FDE500463B39 /* AppDelegate.m */,
				6070E72A1DD9FDE500463B39 /* ViewController.h */,
				6070E72B1DD9FDE500463B39 /* ViewController.m */,
				6070E72D1DD9FDE500463B39 /* Main.storyboard */,
				6070E7301DD9FDE500463B39 /* Assets.xcassets */,
				6070E7321DD9FDE500463B39 /* LaunchScreen.storyboard */,
				6070E7351DD9FDE500463B39 /* Info.plist */,
				6070E7241DD9FDE500463B39 /* Supporting Files */,
			);
			path = DynamicOnboarding;
			sourceTree = "<group>";
		};
		6070E7241DD9FDE500463B39 /* Supporting Files */ = {
			isa = PBXGroup;
			children = (
				6070E7251DD9FDE500463B39 /* main.m */,
			);
			name = "Supporting Files";
			sourceTree = "<group>";
		};
		6070E73D1DD9FDE500463B39 /* DynamicOnboardingTests */ = {
			isa = PBXGroup;
			children = (
				6070E73E1DD9FDE500463B39 /* DynamicOnboardingTests.m */,
				6070E7401DD9FDE500463B39 /* Info.plist */,
			);
			path = DynamicOnboardingTests;
			sourceTree = "<group>";
		};
		6070E7481DD9FDE500463B39 /* DynamicOnboardingUITests */ = {
			isa = PBXGroup;
			children = (
				6070E7491DD9FDE500463B39 /* DynamicOnboardingUITests.m */,
				6070E74B1DD9FDE500463B39 /* Info.plist */,
			);
			path = DynamicOnboardingUITests;
			sourceTree = "<group>";
		};
		6070E7571DD9FFA400463B39 /* Frameworks */ = {
			isa = PBXGroup;
			children = (
				6070E75C1DD9FFAE00463B39 /* SystemConfiguration.framework */,
				6070E75A1DD9FFAA00463B39 /* Security.framework */,
				6070E7581DD9FFA400463B39 /* AVFoundation.framework */,
			);
			name = Frameworks;
			sourceTree = "<group>";
		};
/* End PBXGroup section */

/* Begin PBXNativeTarget section */
		6070E7201DD9FDE500463B39 /* DynamicOnboarding */ = {
			isa = PBXNativeTarget;
			buildConfigurationList = 6070E74E1DD9FDE500463B39 /* Build configuration list for PBXNativeTarget "DynamicOnboarding" */;
			buildPhases = (
				6070E71D1DD9FDE500463B39 /* Sources */,
				6070E71E1DD9FDE500463B39 /* Frameworks */,
				6070E71F1DD9FDE500463B39 /* Resources */,
			);
			buildRules = (
			);
			dependencies = (
			);
			name = DynamicOnboarding;
			productName = DynamicOnboarding;
			productReference = 6070E7211DD9FDE500463B39 /* DynamicOnboarding.app */;
			productType = "com.apple.product-type.application";
		};
		6070E7391DD9FDE500463B39 /* DynamicOnboardingTests */ = {
			isa = PBXNativeTarget;
			buildConfigurationList = 6070E7511DD9FDE500463B39 /* Build configuration list for PBXNativeTarget "DynamicOnboardingTests" */;
			buildPhases = (
				6070E7361DD9FDE500463B39 /* Sources */,
				6070E7371DD9FDE500463B39 /* Frameworks */,
				6070E7381DD9FDE500463B39 /* Resources */,
			);
			buildRules = (
			);
			dependencies = (
				6070E73C1DD9FDE500463B39 /* PBXTargetDependency */,
			);
			name = DynamicOnboardingTests;
			productName = DynamicOnboardingTests;
			productReference = 6070E73A1DD9FDE500463B39 /* DynamicOnboardingTests.xctest */;
			productType = "com.apple.product-type.bundle.unit-test";
		};
		6070E7441DD9FDE500463B39 /* DynamicOnboardingUITests */ = {
			isa = PBXNativeTarget;
			buildConfigurationList = 6070E7541DD9FDE500463B39 /* Build configuration list for PBXNativeTarget "DynamicOnboardingUITests" */;
			buildPhases = (
				6070E7411DD9FDE500463B39 /* Sources */,
				6070E7421DD9FDE500463B39 /* Frameworks */,
				6070E7431DD9FDE500463B39 /* Resources */,
			);
			buildRules = (
			);
			dependencies = (
				6070E7471DD9FDE500463B39 /* PBXTargetDependency */,
			);
			name = DynamicOnboardingUITests;
			productName = DynamicOnboardingUITests;
			productReference = 6070E7451DD9FDE500463B39 /* DynamicOnboardingUITests.xctest */;
			productType = "com.apple.product-type.bundle.ui-testing";
		};
/* End PBXNativeTarget section */

/* Begin PBXProject section */
		6070E7191DD9FDE500463B39 /* Project object */ = {
			isa = PBXProject;
			attributes = {
				LastUpgradeCheck = 0800;
				ORGANIZATIONNAME = Haim;
				TargetAttributes = {
					6070E7201DD9FDE500463B39 = {
						CreatedOnToolsVersion = 8.0;
						DevelopmentTeam = EYYZ592XT4;
						ProvisioningStyle = Automatic;
					};
					6070E7391DD9FDE500463B39 = {
						CreatedOnToolsVersion = 8.0;
						DevelopmentTeam = EYYZ592XT4;
						ProvisioningStyle = Automatic;
						TestTargetID = 6070E7201DD9FDE500463B39;
					};
					6070E7441DD9FDE500463B39 = {
						CreatedOnToolsVersion = 8.0;
						DevelopmentTeam = EYYZ592XT4;
						ProvisioningStyle = Automatic;
						TestTargetID = 6070E7201DD9FDE500463B39;
					};
				};
			};
			buildConfigurationList = 6070E71C1DD9FDE500463B39 /* Build configuration list for PBXProject "DynamicOnboarding" */;
			compatibilityVersion = "Xcode 3.2";
			developmentRegion = English;
			hasScannedForEncodings = 0;
			knownRegions = (
				en,
				Base,
			);
			mainGroup = 6070E7181DD9FDE500463B39;
			productRefGroup = 6070E7221DD9FDE500463B39 /* Products */;
			projectDirPath = "";
			projectRoot = "";
			targets = (
				6070E7201DD9FDE500463B39 /* DynamicOnboarding */,
				6070E7391DD9FDE500463B39 /* DynamicOnboardingTests */,
				6070E7441DD9FDE500463B39 /* DynamicOnboardingUITests */,
			);
		};
/* End PBXProject section */

/* Begin PBXResourcesBuildPhase section */
		6070E71F1DD9FDE500463B39 /* Resources */ = {
			isa = PBXResourcesBuildPhase;
			buildActionMask = 2147483647;
			files = (
				6070E7341DD9FDE500463B39 /* LaunchScreen.storyboard in Resources */,
				6070E7311DD9FDE500463B39 /* Assets.xcassets in Resources */,
				6070E72F1DD9FDE500463B39 /* Main.storyboard in Resources */,
			);
			runOnlyForDeploymentPostprocessing = 0;
		};
		6070E7381DD9FDE500463B39 /* Resources */ = {
			isa = PBXResourcesBuildPhase;
			buildActionMask = 2147483647;
			files = (
			);
			runOnlyForDeploymentPostprocessing = 0;
		};
		6070E7431DD9FDE500463B39 /* Resources */ = {
			isa = PBXResourcesBuildPhase;
			buildActionMask = 2147483647;
			files = (
			);
			runOnlyForDeploymentPostprocessing = 0;
		};
/* End PBXResourcesBuildPhase section */

/* Begin PBXSourcesBuildPhase section */
		6070E71D1DD9FDE500463B39 /* Sources */ = {
			isa = PBXSourcesBuildPhase;
			buildActionMask = 2147483647;
			files = (
				6070E72C1DD9FDE500463B39 /* ViewController.m in Sources */,
				6070E7291DD9FDE500463B39 /* AppDelegate.m in Sources */,
				6070E7261DD9FDE500463B39 /* main.m in Sources */,
			);
			runOnlyForDeploymentPostprocessing = 0;
		};
		6070E7361DD9FDE500463B39 /* Sources */ = {
			isa = PBXSourcesBuildPhase;
			buildActionMask = 2147483647;
			files = (
				6070E73F1DD9FDE500463B39 /* DynamicOnboardingTests.m in Sources */,
			);
			runOnlyForDeploymentPostprocessing = 0;
		};
		6070E7411DD9FDE500463B39 /* Sources */ = {
			isa = PBXSourcesBuildPhase;
			buildActionMask = 2147483647;
			files = (
				6070E74A1DD9FDE500463B39 /* DynamicOnboardingUITests.m in Sources */,
			);
			runOnlyForDeploymentPostprocessing = 0;
		};
/* End PBXSourcesBuildPhase section */

/* Begin PBXTargetDependency section */
		6070E73C1DD9FDE500463B39 /* PBXTargetDependency */ = {
			isa = PBXTargetDependency;
			target = 6070E7201DD9FDE500463B39 /* DynamicOnboarding */;
			targetProxy = 6070E73B1DD9FDE500463B39 /* PBXContainerItemProxy */;
		};
		6070E7471DD9FDE500463B39 /* PBXTargetDependency */ = {
			isa = PBXTargetDependency;
			target = 6070E7201DD9FDE500463B39 /* DynamicOnboarding */;
			targetProxy = 6070E7461DD9FDE500463B39 /* PBXContainerItemProxy */;
		};
/* End PBXTargetDependency section */

/* Begin PBXVariantGroup section */
		6070E72D1DD9FDE500463B39 /* Main.storyboard */ = {
			isa = PBXVariantGroup;
			children = (
				6070E72E1DD9FDE500463B39 /* Base */,
			);
			name = Main.storyboard;
			sourceTree = "<group>";
		};
		6070E7321DD9FDE500463B39 /* LaunchScreen.storyboard */ = {
			isa = PBXVariantGroup;
			children = (
				6070E7331DD9FDE500463B39 /* Base */,
			);
			name = LaunchScreen.storyboard;
			sourceTree = "<group>";
		};
/* End PBXVariantGroup section */

/* Begin XCBuildConfiguration section */
		6070E74C1DD9FDE500463B39 /* Debug */ = {
			isa = XCBuildConfiguration;
			buildSettings = {
				ALWAYS_SEARCH_USER_PATHS = NO;
				CLANG_ANALYZER_NONNULL = YES;
				CLANG_CXX_LANGUAGE_STANDARD = "gnu++0x";
				CLANG_CXX_LIBRARY = "libc++";
				CLANG_ENABLE_MODULES = YES;
				CLANG_ENABLE_OBJC_ARC = YES;
				CLANG_WARN_BOOL_CONVERSION = YES;
				CLANG_WARN_CONSTANT_CONVERSION = YES;
				CLANG_WARN_DIRECT_OBJC_ISA_USAGE = YES_ERROR;
				CLANG_WARN_DOCUMENTATION_COMMENTS = YES;
				CLANG_WARN_EMPTY_BODY = YES;
				CLANG_WARN_ENUM_CONVERSION = YES;
				CLANG_WARN_INFINITE_RECURSION = YES;
				CLANG_WARN_INT_CONVERSION = YES;
				CLANG_WARN_OBJC_ROOT_CLASS = YES_ERROR;
				CLANG_WARN_SUSPICIOUS_MOVES = YES;
				CLANG_WARN_UNREACHABLE_CODE = YES;
				CLANG_WARN__DUPLICATE_METHOD_MATCH = YES;
				"CODE_SIGN_IDENTITY[sdk=iphoneos*]" = "iPhone Developer";
				COPY_PHASE_STRIP = NO;
				DEBUG_INFORMATION_FORMAT = dwarf;
				ENABLE_STRICT_OBJC_MSGSEND = YES;
				ENABLE_TESTABILITY = YES;
				GCC_C_LANGUAGE_STANDARD = gnu99;
				GCC_DYNAMIC_NO_PIC = NO;
				GCC_NO_COMMON_BLOCKS = YES;
				GCC_OPTIMIZATION_LEVEL = 0;
				GCC_PREPROCESSOR_DEFINITIONS = (
					"DEBUG=1",
					"$(inherited)",
				);
				GCC_WARN_64_TO_32_BIT_CONVERSION = YES;
				GCC_WARN_ABOUT_RETURN_TYPE = YES_ERROR;
				GCC_WARN_UNDECLARED_SELECTOR = YES;
				GCC_WARN_UNINITIALIZED_AUTOS = YES_AGGRESSIVE;
				GCC_WARN_UNUSED_FUNCTION = YES;
				GCC_WARN_UNUSED_VARIABLE = YES;
				IPHONEOS_DEPLOYMENT_TARGET = 10.0;
				MTL_ENABLE_DEBUG_INFO = YES;
				ONLY_ACTIVE_ARCH = YES;
				SDKROOT = iphoneos;
				TARGETED_DEVICE_FAMILY = "1,2";
			};
			name = Debug;
		};
		6070E74D1DD9FDE500463B39 /* Release */ = {
			isa = XCBuildConfiguration;
			buildSettings = {
				ALWAYS_SEARCH_USER_PATHS = NO;
				CLANG_ANALYZER_NONNULL = YES;
				CLANG_CXX_LANGUAGE_STANDARD = "gnu++0x";
				CLANG_CXX_LIBRARY = "libc++";
				CLANG_ENABLE_MODULES = YES;
				CLANG_ENABLE_OBJC_ARC = YES;
				CLANG_WARN_BOOL_CONVERSION = YES;
				CLANG_WARN_CONSTANT_CONVERSION = YES;
				CLANG_WARN_DIRECT_OBJC_ISA_USAGE = YES_ERROR;
				CLANG_WARN_DOCUMENTATION_COMMENTS = YES;
				CLANG_WARN_EMPTY_BODY = YES;
				CLANG_WARN_ENUM_CONVERSION = YES;
				CLANG_WARN_INFINITE_RECURSION = YES;
				CLANG_WARN_INT_CONVERSION = YES;
				CLANG_WARN_OBJC_ROOT_CLASS = YES_ERROR;
				CLANG_WARN_SUSPICIOUS_MOVES = YES;
				CLANG_WARN_UNREACHABLE_CODE = YES;
				CLANG_WARN__DUPLICATE_METHOD_MATCH = YES;
				"CODE_SIGN_IDENTITY[sdk=iphoneos*]" = "iPhone Developer";
				COPY_PHASE_STRIP = NO;
				DEBUG_INFORMATION_FORMAT = "dwarf-with-dsym";
				ENABLE_NS_ASSERTIONS = NO;
				ENABLE_STRICT_OBJC_MSGSEND = YES;
				GCC_C_LANGUAGE_STANDARD = gnu99;
				GCC_NO_COMMON_BLOCKS = YES;
				GCC_WARN_64_TO_32_BIT_CONVERSION = YES;
				GCC_WARN_ABOUT_RETURN_TYPE = YES_ERROR;
				GCC_WARN_UNDECLARED_SELECTOR = YES;
				GCC_WARN_UNINITIALIZED_AUTOS = YES_AGGRESSIVE;
				GCC_WARN_UNUSED_FUNCTION = YES;
				GCC_WARN_UNUSED_VARIABLE = YES;
				IPHONEOS_DEPLOYMENT_TARGET = 10.0;
				MTL_ENABLE_DEBUG_INFO = NO;
				SDKROOT = iphoneos;
				TARGETED_DEVICE_FAMILY = "1,2";
				VALIDATE_PRODUCT = YES;
			};
			name = Release;
		};
		6070E74F1DD9FDE500463B39 /* Debug */ = {
			isa = XCBuildConfiguration;
			buildSettings = {
				ASSETCATALOG_COMPILER_APPICON_NAME = AppIcon;
				DEVELOPMENT_TEAM = EYYZ592XT4;
				FRAMEWORK_SEARCH_PATHS = (
					"$(inherited)",
					"$(PROJECT_DIR)/DynamicOnboarding",
				);
				INFOPLIST_FILE = DynamicOnboarding/Info.plist;
				IPHONEOS_DEPLOYMENT_TARGET = 9.0;
				LD_RUNPATH_SEARCH_PATHS = "$(inherited) @executable_path/Frameworks";
				PRODUCT_BUNDLE_IDENTIFIER = haim.DynamicOnboarding;
				PRODUCT_NAME = "$(TARGET_NAME)";
				TARGETED_DEVICE_FAMILY = "1,2";
			};
			name = Debug;
		};
		6070E7501DD9FDE500463B39 /* Release */ = {
			isa = XCBuildConfiguration;
			buildSettings = {
				ASSETCATALOG_COMPILER_APPICON_NAME = AppIcon;
				DEVELOPMENT_TEAM = EYYZ592XT4;
				FRAMEWORK_SEARCH_PATHS = (
					"$(inherited)",
					"$(PROJECT_DIR)/DynamicOnboarding",
				);
				INFOPLIST_FILE = DynamicOnboarding/Info.plist;
				IPHONEOS_DEPLOYMENT_TARGET = 9.0;
				LD_RUNPATH_SEARCH_PATHS = "$(inherited) @executable_path/Frameworks";
				PRODUCT_BUNDLE_IDENTIFIER = haim.DynamicOnboarding;
				PRODUCT_NAME = "$(TARGET_NAME)";
				TARGETED_DEVICE_FAMILY = "1,2";
			};
			name = Release;
		};
		6070E7521DD9FDE500463B39 /* Debug */ = {
			isa = XCBuildConfiguration;
			buildSettings = {
				BUNDLE_LOADER = "$(TEST_HOST)";
				DEVELOPMENT_TEAM = EYYZ592XT4;
				INFOPLIST_FILE = DynamicOnboardingTests/Info.plist;
				LD_RUNPATH_SEARCH_PATHS = "$(inherited) @executable_path/Frameworks @loader_path/Frameworks";
				PRODUCT_BUNDLE_IDENTIFIER = haim.DynamicOnboardingTests;
				PRODUCT_NAME = "$(TARGET_NAME)";
				TEST_HOST = "$(BUILT_PRODUCTS_DIR)/DynamicOnboarding.app/DynamicOnboarding";
			};
			name = Debug;
		};
		6070E7531DD9FDE500463B39 /* Release */ = {
			isa = XCBuildConfiguration;
			buildSettings = {
				BUNDLE_LOADER = "$(TEST_HOST)";
				DEVELOPMENT_TEAM = EYYZ592XT4;
				INFOPLIST_FILE = DynamicOnboardingTests/Info.plist;
				LD_RUNPATH_SEARCH_PATHS = "$(inherited) @executable_path/Frameworks @loader_path/Frameworks";
				PRODUCT_BUNDLE_IDENTIFIER = haim.DynamicOnboardingTests;
				PRODUCT_NAME = "$(TARGET_NAME)";
				TEST_HOST = "$(BUILT_PRODUCTS_DIR)/DynamicOnboarding.app/DynamicOnboarding";
			};
			name = Release;
		};
		6070E7551DD9FDE500463B39 /* Debug */ = {
			isa = XCBuildConfiguration;
			buildSettings = {
				DEVELOPMENT_TEAM = EYYZ592XT4;
				INFOPLIST_FILE = DynamicOnboardingUITests/Info.plist;
				LD_RUNPATH_SEARCH_PATHS = "$(inherited) @executable_path/Frameworks @loader_path/Frameworks";
				PRODUCT_BUNDLE_IDENTIFIER = haim.DynamicOnboardingUITests;
				PRODUCT_NAME = "$(TARGET_NAME)";
				TEST_TARGET_NAME = DynamicOnboarding;
			};
			name = Debug;
		};
		6070E7561DD9FDE500463B39 /* Release */ = {
			isa = XCBuildConfiguration;
			buildSettings = {
				DEVELOPMENT_TEAM = EYYZ592XT4;
				INFOPLIST_FILE = DynamicOnboardingUITests/Info.plist;
				LD_RUNPATH_SEARCH_PATHS = "$(inherited) @executable_path/Frameworks @loader_path/Frameworks";
				PRODUCT_BUNDLE_IDENTIFIER = haim.DynamicOnboardingUITests;
				PRODUCT_NAME = "$(TARGET_NAME)";
				TEST_TARGET_NAME = DynamicOnboarding;
			};
			name = Release;
		};
/* End XCBuildConfiguration section */

/* Begin XCConfigurationList section */
		6070E71C1DD9FDE500463B39 /* Build configuration list for PBXProject "DynamicOnboarding" */ = {
			isa = XCConfigurationList;
			buildConfigurations = (
				6070E74C1DD9FDE500463B39 /* Debug */,
				6070E74D1DD9FDE500463B39 /* Release */,
			);
			defaultConfigurationIsVisible = 0;
			defaultConfigurationName = Release;
		};
		6070E74E1DD9FDE500463B39 /* Build configuration list for PBXNativeTarget "DynamicOnboarding" */ = {
			isa = XCConfigurationList;
			buildConfigurations = (
				6070E74F1DD9FDE500463B39 /* Debug */,
				6070E7501DD9FDE500463B39 /* Release */,
			);
			defaultConfigurationIsVisible = 0;
			defaultConfigurationName = Release;
		};
		6070E7511DD9FDE500463B39 /* Build configuration list for PBXNativeTarget "DynamicOnboardingTests" */ = {
			isa = XCConfigurationList;
			buildConfigurations = (
				6070E7521DD9FDE500463B39 /* Debug */,
				6070E7531DD9FDE500463B39 /* Release */,
			);
			defaultConfigurationIsVisible = 0;
			defaultConfigurationName = Release;
		};
		6070E7541DD9FDE500463B39 /* Build configuration list for PBXNativeTarget "DynamicOnboardingUITests" */ = {
			isa = XCConfigurationList;
			buildConfigurations = (
				6070E7551DD9FDE500463B39 /* Debug */,
				6070E7561DD9FDE500463B39 /* Release */,
			);
			defaultConfigurationIsVisible = 0;
			defaultConfigurationName = Release;
		};
/* End XCConfigurationList section */
	};
	rootObject = 6070E7191DD9FDE500463B39 /* Project object */;
}
