// !$*UTF8*$!
{
	archiveVersion = 1;
	classes = {
	};
	objectVersion = 46;
	objects = {

/* Begin PBXBuildFile section */
		6070E76E1DDA026600463B39 /* main.m in Sources */ = {isa = PBXBuildFile; fileRef = 6070E76D1DDA026600463B39 /* main.m */; };
		6070E7711DDA026600463B39 /* AppDelegate.m in Sources */ = {isa = PBXBuildFile; fileRef = 6070E7701DDA026600463B39 /* AppDelegate.m */; };
		6070E7741DDA026600463B39 /* ViewController.m in Sources */ = {isa = PBXBuildFile; fileRef = 6070E7731DDA026600463B39 /* ViewController.m */; };
		6070E7771DDA026600463B39 /* Main.storyboard in Resources */ = {isa = PBXBuildFile; fileRef = 6070E7751DDA026600463B39 /* Main.storyboard */; };
		6070E7791DDA026600463B39 /* Assets.xcassets in Resources */ = {isa = PBXBuildFile; fileRef = 6070E7781DDA026600463B39 /* Assets.xcassets */; };
		6070E77C1DDA026600463B39 /* LaunchScreen.storyboard in Resources */ = {isa = PBXBuildFile; fileRef = 6070E77A1DDA026600463B39 /* LaunchScreen.storyboard */; };
		6070E7871DDA026600463B39 /* FAQTests.m in Sources */ = {isa = PBXBuildFile; fileRef = 6070E7861DDA026600463B39 /* FAQTests.m */; };
		6070E7921DDA026600463B39 /* FAQUITests.m in Sources */ = {isa = PBXBuildFile; fileRef = 6070E7911DDA026600463B39 /* FAQUITests.m */; };
		6070E7A11DDA027B00463B39 /* Security.framework in Frameworks */ = {isa = PBXBuildFile; fileRef = 6070E7A01DDA027B00463B39 /* Security.framework */; };
		6070E7A31DDA027F00463B39 /* SystemConfiguration.framework in Frameworks */ = {isa = PBXBuildFile; fileRef = 6070E7A21DDA027F00463B39 /* SystemConfiguration.framework */; };
		6070E7A51DDA028300463B39 /* AVFoundation.framework in Frameworks */ = {isa = PBXBuildFile; fileRef = 6070E7A41DDA028300463B39 /* AVFoundation.framework */; };
		6070E7A71DDA02A600463B39 /* ElastiCode.framework in Frameworks */ = {isa = PBXBuildFile; fileRef = 6070E7A61DDA02A600463B39 /* ElastiCode.framework */; };
/* End PBXBuildFile section */

/* Begin PBXContainerItemProxy section */
		6070E7831DDA026600463B39 /* PBXContainerItemProxy */ = {
			isa = PBXContainerItemProxy;
			containerPortal = 6070E7611DDA026600463B39 /* Project object */;
			proxyType = 1;
			remoteGlobalIDString = 6070E7681DDA026600463B39;
			remoteInfo = FAQ;
		};
		6070E78E1DDA026600463B39 /* PBXContainerItemProxy */ = {
			isa = PBXContainerItemProxy;
			containerPortal = 6070E7611DDA026600463B39 /* Project object */;
			proxyType = 1;
			remoteGlobalIDString = 6070E7681DDA026600463B39;
			remoteInfo = FAQ;
		};
/* End PBXContainerItemProxy section */

/* Begin PBXFileReference section */
		6070E7691DDA026600463B39 /* FAQ.app */ = {isa = PBXFileReference; explicitFileType = wrapper.application; includeInIndex = 0; path = FAQ.app; sourceTree = BUILT_PRODUCTS_DIR; };
		6070E76D1DDA026600463B39 /* main.m */ = {isa = PBXFileReference; lastKnownFileType = sourcecode.c.objc; path = main.m; sourceTree = "<group>"; };
		6070E76F1DDA026600463B39 /* AppDelegate.h */ = {isa = PBXFileReference; lastKnownFileType = sourcecode.c.h; path = AppDelegate.h; sourceTree = "<group>"; };
		6070E7701DDA026600463B39 /* AppDelegate.m */ = {isa = PBXFileReference; lastKnownFileType = sourcecode.c.objc; path = AppDelegate.m; sourceTree = "<group>"; };
		6070E7721DDA026600463B39 /* ViewController.h */ = {isa = PBXFileReference; lastKnownFileType = sourcecode.c.h; path = ViewController.h; sourceTree = "<group>"; };
		6070E7731DDA026600463B39 /* ViewController.m */ = {isa = PBXFileReference; lastKnownFileType = sourcecode.c.objc; path = ViewController.m; sourceTree = "<group>"; };
		6070E7761DDA026600463B39 /* Base */ = {isa = PBXFileReference; lastKnownFileType = file.storyboard; name = Base; path = Base.lproj/Main.storyboard; sourceTree = "<group>"; };
		6070E7781DDA026600463B39 /* Assets.xcassets */ = {isa = PBXFileReference; lastKnownFileType = folder.assetcatalog; path = Assets.xcassets; sourceTree = "<group>"; };
		6070E77B1DDA026600463B39 /* Base */ = {isa = PBXFileReference; lastKnownFileType = file.storyboard; name = Base; path = Base.lproj/LaunchScreen.storyboard; sourceTree = "<group>"; };
		6070E77D1DDA026600463B39 /* Info.plist */ = {isa = PBXFileReference; lastKnownFileType = text.plist.xml; path = Info.plist; sourceTree = "<group>"; };
		6070E7821DDA026600463B39 /* FAQTests.xctest */ = {isa = PBXFileReference; explicitFileType = wrapper.cfbundle; includeInIndex = 0; path = FAQTests.xctest; sourceTree = BUILT_PRODUCTS_DIR; };
		6070E7861DDA026600463B39 /* FAQTests.m */ = {isa = PBXFileReference; lastKnownFileType = sourcecode.c.objc; path = FAQTests.m; sourceTree = "<group>"; };
		6070E7881DDA026600463B39 /* Info.plist */ = {isa = PBXFileReference; lastKnownFileType = text.plist.xml; path = Info.plist; sourceTree = "<group>"; };
		6070E78D1DDA026600463B39 /* FAQUITests.xctest */ = {isa = PBXFileReference; explicitFileType = wrapper.cfbundle; includeInIndex = 0; path = FAQUITests.xctest; sourceTree = BUILT_PRODUCTS_DIR; };
		6070E7911DDA026600463B39 /* FAQUITests.m */ = {isa = PBXFileReference; lastKnownFileType = sourcecode.c.objc; path = FAQUITests.m; sourceTree = "<group>"; };
		6070E7931DDA026600463B39 /* Info.plist */ = {isa = PBXFileReference; lastKnownFileType = text.plist.xml; path = Info.plist; sourceTree = "<group>"; };
		6070E7A01DDA027B00463B39 /* Security.framework */ = {isa = PBXFileReference; lastKnownFileType = wrapper.framework; name = Security.framework; path = System/Library/Frameworks/Security.framework; sourceTree = SDKROOT; };
		6070E7A21DDA027F00463B39 /* SystemConfiguration.framework */ = {isa = PBXFileReference; lastKnownFileType = wrapper.framework; name = SystemConfiguration.framework; path = System/Library/Frameworks/SystemConfiguration.framework; sourceTree = SDKROOT; };
		6070E7A41DDA028300463B39 /* AVFoundation.framework */ = {isa = PBXFileReference; lastKnownFileType = wrapper.framework; name = AVFoundation.framework; path = System/Library/Frameworks/AVFoundation.framework; sourceTree = SDKROOT; };
		6070E7A61DDA02A600463B39 /* ElastiCode.framework */ = {isa = PBXFileReference; lastKnownFileType = wrapper.framework; path = ElastiCode.framework; sourceTree = "<group>"; };
/* End PBXFileReference section */

/* Begin PBXFrameworksBuildPhase section */
		6070E7661DDA026600463B39 /* Frameworks */ = {
			isa = PBXFrameworksBuildPhase;
			buildActionMask = 2147483647;
			files = (
				6070E7A51DDA028300463B39 /* AVFoundation.framework in Frameworks */,
				6070E7A71DDA02A600463B39 /* ElastiCode.framework in Frameworks */,
				6070E7A31DDA027F00463B39 /* SystemConfiguration.framework in Frameworks */,
				6070E7A11DDA027B00463B39 /* Security.framework in Frameworks */,
			);
			runOnlyForDeploymentPostprocessing = 0;
		};
		6070E77F1DDA026600463B39 /* Frameworks */ = {
			isa = PBXFrameworksBuildPhase;
			buildActionMask = 2147483647;
			files = (
			);
			runOnlyForDeploymentPostprocessing = 0;
		};
		6070E78A1DDA026600463B39 /* Frameworks */ = {
			isa = PBXFrameworksBuildPhase;
			buildActionMask = 2147483647;
			files = (
			);
			runOnlyForDeploymentPostprocessing = 0;
		};
/* End PBXFrameworksBuildPhase section */

/* Begin PBXGroup section */
		6070E7601DDA026600463B39 = {
			isa = PBXGroup;
			children = (
				6070E76B1DDA026600463B39 /* FAQ */,
				6070E7851DDA026600463B39 /* FAQTests */,
				6070E7901DDA026600463B39 /* FAQUITests */,
				6070E76A1DDA026600463B39 /* Products */,
				6070E79F1DDA027A00463B39 /* Frameworks */,
			);
			sourceTree = "<group>";
		};
		6070E76A1DDA026600463B39 /* Products */ = {
			isa = PBXGroup;
			children = (
				6070E7691DDA026600463B39 /* FAQ.app */,
				6070E7821DDA026600463B39 /* FAQTests.xctest */,
				6070E78D1DDA026600463B39 /* FAQUITests.xctest */,
			);
			name = Products;
			sourceTree = "<group>";
		};
		6070E76B1DDA026600463B39 /* FAQ */ = {
			isa = PBXGroup;
			children = (
				6070E7A61DDA02A600463B39 /* ElastiCode.framework */,
				6070E76F1DDA026600463B39 /* AppDelegate.h */,
				6070E7701DDA026600463B39 /* AppDelegate.m */,
				6070E7721DDA026600463B39 /* ViewController.h */,
				6070E7731DDA026600463B39 /* ViewController.m */,
				6070E7751DDA026600463B39 /* Main.storyboard */,
				6070E7781DDA026600463B39 /* Assets.xcassets */,
				6070E77A1DDA026600463B39 /* LaunchScreen.storyboard */,
				6070E77D1DDA026600463B39 /* Info.plist */,
				6070E76C1DDA026600463B39 /* Supporting Files */,
			);
			path = FAQ;
			sourceTree = "<group>";
		};
		6070E76C1DDA026600463B39 /* Supporting Files */ = {
			isa = PBXGroup;
			children = (
				6070E76D1DDA026600463B39 /* main.m */,
			);
			name = "Supporting Files";
			sourceTree = "<group>";
		};
		6070E7851DDA026600463B39 /* FAQTests */ = {
			isa = PBXGroup;
			children = (
				6070E7861DDA026600463B39 /* FAQTests.m */,
				6070E7881DDA026600463B39 /* Info.plist */,
			);
			path = FAQTests;
			sourceTree = "<group>";
		};
		6070E7901DDA026600463B39 /* FAQUITests */ = {
			isa = PBXGroup;
			children = (
				6070E7911DDA026600463B39 /* FAQUITests.m */,
				6070E7931DDA026600463B39 /* Info.plist */,
			);
			path = FAQUITests;
			sourceTree = "<group>";
		};
		6070E79F1DDA027A00463B39 /* Frameworks */ = {
			isa = PBXGroup;
			children = (
				6070E7A41DDA028300463B39 /* AVFoundation.framework */,
				6070E7A21DDA027F00463B39 /* SystemConfiguration.framework */,
				6070E7A01DDA027B00463B39 /* Security.framework */,
			);
			name = Frameworks;
			sourceTree = "<group>";
		};
/* End PBXGroup section */

/* Begin PBXNativeTarget section */
		6070E7681DDA026600463B39 /* FAQ */ = {
			isa = PBXNativeTarget;
			buildConfigurationList = 6070E7961DDA026600463B39 /* Build configuration list for PBXNativeTarget "FAQ" */;
			buildPhases = (
				6070E7651DDA026600463B39 /* Sources */,
				6070E7661DDA026600463B39 /* Frameworks */,
				6070E7671DDA026600463B39 /* Resources */,
			);
			buildRules = (
			);
			dependencies = (
			);
			name = FAQ;
			productName = FAQ;
			productReference = 6070E7691DDA026600463B39 /* FAQ.app */;
			productType = "com.apple.product-type.application";
		};
		6070E7811DDA026600463B39 /* FAQTests */ = {
			isa = PBXNativeTarget;
			buildConfigurationList = 6070E7991DDA026600463B39 /* Build configuration list for PBXNativeTarget "FAQTests" */;
			buildPhases = (
				6070E77E1DDA026600463B39 /* Sources */,
				6070E77F1DDA026600463B39 /* Frameworks */,
				6070E7801DDA026600463B39 /* Resources */,
			);
			buildRules = (
			);
			dependencies = (
				6070E7841DDA026600463B39 /* PBXTargetDependency */,
			);
			name = FAQTests;
			productName = FAQTests;
			productReference = 6070E7821DDA026600463B39 /* FAQTests.xctest */;
			productType = "com.apple.product-type.bundle.unit-test";
		};
		6070E78C1DDA026600463B39 /* FAQUITests */ = {
			isa = PBXNativeTarget;
			buildConfigurationList = 6070E79C1DDA026600463B39 /* Build configuration list for PBXNativeTarget "FAQUITests" */;
			buildPhases = (
				6070E7891DDA026600463B39 /* Sources */,
				6070E78A1DDA026600463B39 /* Frameworks */,
				6070E78B1DDA026600463B39 /* Resources */,
			);
			buildRules = (
			);
			dependencies = (
				6070E78F1DDA026600463B39 /* PBXTargetDependency */,
			);
			name = FAQUITests;
			productName = FAQUITests;
			productReference = 6070E78D1DDA026600463B39 /* FAQUITests.xctest */;
			productType = "com.apple.product-type.bundle.ui-testing";
		};
/* End PBXNativeTarget section */

/* Begin PBXProject section */
		6070E7611DDA026600463B39 /* Project object */ = {
			isa = PBXProject;
			attributes = {
				LastUpgradeCheck = 0800;
				ORGANIZATIONNAME = Haim;
				TargetAttributes = {
					6070E7681DDA026600463B39 = {
						CreatedOnToolsVersion = 8.0;
						DevelopmentTeam = EYYZ592XT4;
						ProvisioningStyle = Automatic;
					};
					6070E7811DDA026600463B39 = {
						CreatedOnToolsVersion = 8.0;
						DevelopmentTeam = EYYZ592XT4;
						ProvisioningStyle = Automatic;
						TestTargetID = 6070E7681DDA026600463B39;
					};
					6070E78C1DDA026600463B39 = {
						CreatedOnToolsVersion = 8.0;
						DevelopmentTeam = EYYZ592XT4;
						ProvisioningStyle = Automatic;
						TestTargetID = 6070E7681DDA026600463B39;
					};
				};
			};
			buildConfigurationList = 6070E7641DDA026600463B39 /* Build configuration list for PBXProject "FAQ" */;
			compatibilityVersion = "Xcode 3.2";
			developmentRegion = English;
			hasScannedForEncodings = 0;
			knownRegions = (
				en,
				Base,
			);
			mainGroup = 6070E7601DDA026600463B39;
			productRefGroup = 6070E76A1DDA026600463B39 /* Products */;
			projectDirPath = "";
			projectRoot = "";
			targets = (
				6070E7681DDA026600463B39 /* FAQ */,
				6070E7811DDA026600463B39 /* FAQTests */,
				6070E78C1DDA026600463B39 /* FAQUITests */,
			);
		};
/* End PBXProject section */

/* Begin PBXResourcesBuildPhase section */
		6070E7671DDA026600463B39 /* Resources */ = {
			isa = PBXResourcesBuildPhase;
			buildActionMask = 2147483647;
			files = (
				6070E77C1DDA026600463B39 /* LaunchScreen.storyboard in Resources */,
				6070E7791DDA026600463B39 /* Assets.xcassets in Resources */,
				6070E7771DDA026600463B39 /* Main.storyboard in Resources */,
			);
			runOnlyForDeploymentPostprocessing = 0;
		};
		6070E7801DDA026600463B39 /* Resources */ = {
			isa = PBXResourcesBuildPhase;
			buildActionMask = 2147483647;
			files = (
			);
			runOnlyForDeploymentPostprocessing = 0;
		};
		6070E78B1DDA026600463B39 /* Resources */ = {
			isa = PBXResourcesBuildPhase;
			buildActionMask = 2147483647;
			files = (
			);
			runOnlyForDeploymentPostprocessing = 0;
		};
/* End PBXResourcesBuildPhase section */

/* Begin PBXSourcesBuildPhase section */
		6070E7651DDA026600463B39 /* Sources */ = {
			isa = PBXSourcesBuildPhase;
			buildActionMask = 2147483647;
			files = (
				6070E7741DDA026600463B39 /* ViewController.m in Sources */,
				6070E7711DDA026600463B39 /* AppDelegate.m in Sources */,
				6070E76E1DDA026600463B39 /* main.m in Sources */,
			);
			runOnlyForDeploymentPostprocessing = 0;
		};
		6070E77E1DDA026600463B39 /* Sources */ = {
			isa = PBXSourcesBuildPhase;
			buildActionMask = 2147483647;
			files = (
				6070E7871DDA026600463B39 /* FAQTests.m in Sources */,
			);
			runOnlyForDeploymentPostprocessing = 0;
		};
		6070E7891DDA026600463B39 /* Sources */ = {
			isa = PBXSourcesBuildPhase;
			buildActionMask = 2147483647;
			files = (
				6070E7921DDA026600463B39 /* FAQUITests.m in Sources */,
			);
			runOnlyForDeploymentPostprocessing = 0;
		};
/* End PBXSourcesBuildPhase section */

/* Begin PBXTargetDependency section */
		6070E7841DDA026600463B39 /* PBXTargetDependency */ = {
			isa = PBXTargetDependency;
			target = 6070E7681DDA026600463B39 /* FAQ */;
			targetProxy = 6070E7831DDA026600463B39 /* PBXContainerItemProxy */;
		};
		6070E78F1DDA026600463B39 /* PBXTargetDependency */ = {
			isa = PBXTargetDependency;
			target = 6070E7681DDA026600463B39 /* FAQ */;
			targetProxy = 6070E78E1DDA026600463B39 /* PBXContainerItemProxy */;
		};
/* End PBXTargetDependency section */

/* Begin PBXVariantGroup section */
		6070E7751DDA026600463B39 /* Main.storyboard */ = {
			isa = PBXVariantGroup;
			children = (
				6070E7761DDA026600463B39 /* Base */,
			);
			name = Main.storyboard;
			sourceTree = "<group>";
		};
		6070E77A1DDA026600463B39 /* LaunchScreen.storyboard */ = {
			isa = PBXVariantGroup;
			children = (
				6070E77B1DDA026600463B39 /* Base */,
			);
			name = LaunchScreen.storyboard;
			sourceTree = "<group>";
		};
/* End PBXVariantGroup section */

/* Begin XCBuildConfiguration section */
		6070E7941DDA026600463B39 /* Debug */ = {
			isa = XCBuildConfiguration;
			buildSettings = {
				ALWAYS_SEARCH_USER_PATHS = NO;
				CLANG_ANALYZER_NONNULL = YES;
				CLANG_CXX_LANGUAGE_STANDARD = "gnu++0x";
				CLANG_CXX_LIBRARY = "libc++";
				CLANG_ENABLE_MODULES = YES;
				CLANG_ENABLE_OBJC_ARC = YES;
				CLANG_WARN_BOOL_CONVERSION = YES;
				CLANG_WARN_CONSTANT_CONVERSION = YES;
				CLANG_WARN_DIRECT_OBJC_ISA_USAGE = YES_ERROR;
				CLANG_WARN_DOCUMENTATION_COMMENTS = YES;
				CLANG_WARN_EMPTY_BODY = YES;
				CLANG_WARN_ENUM_CONVERSION = YES;
				CLANG_WARN_INFINITE_RECURSION = YES;
				CLANG_WARN_INT_CONVERSION = YES;
				CLANG_WARN_OBJC_ROOT_CLASS = YES_ERROR;
				CLANG_WARN_SUSPICIOUS_MOVES = YES;
				CLANG_WARN_UNREACHABLE_CODE = YES;
				CLANG_WARN__DUPLICATE_METHOD_MATCH = YES;
				"CODE_SIGN_IDENTITY[sdk=iphoneos*]" = "iPhone Developer";
				COPY_PHASE_STRIP = NO;
				DEBUG_INFORMATION_FORMAT = dwarf;
				ENABLE_STRICT_OBJC_MSGSEND = YES;
				ENABLE_TESTABILITY = YES;
				GCC_C_LANGUAGE_STANDARD = gnu99;
				GCC_DYNAMIC_NO_PIC = NO;
				GCC_NO_COMMON_BLOCKS = YES;
				GCC_OPTIMIZATION_LEVEL = 0;
				GCC_PREPROCESSOR_DEFINITIONS = (
					"DEBUG=1",
					"$(inherited)",
				);
				GCC_WARN_64_TO_32_BIT_CONVERSION = YES;
				GCC_WARN_ABOUT_RETURN_TYPE = YES_ERROR;
				GCC_WARN_UNDECLARED_SELECTOR = YES;
				GCC_WARN_UNINITIALIZED_AUTOS = YES_AGGRESSIVE;
				GCC_WARN_UNUSED_FUNCTION = YES;
				GCC_WARN_UNUSED_VARIABLE = YES;
				IPHONEOS_DEPLOYMENT_TARGET = 10.0;
				MTL_ENABLE_DEBUG_INFO = YES;
				ONLY_ACTIVE_ARCH = YES;
				SDKROOT = iphoneos;
				TARGETED_DEVICE_FAMILY = "1,2";
			};
			name = Debug;
		};
		6070E7951DDA026600463B39 /* Release */ = {
			isa = XCBuildConfiguration;
			buildSettings = {
				ALWAYS_SEARCH_USER_PATHS = NO;
				CLANG_ANALYZER_NONNULL = YES;
				CLANG_CXX_LANGUAGE_STANDARD = "gnu++0x";
				CLANG_CXX_LIBRARY = "libc++";
				CLANG_ENABLE_MODULES = YES;
				CLANG_ENABLE_OBJC_ARC = YES;
				CLANG_WARN_BOOL_CONVERSION = YES;
				CLANG_WARN_CONSTANT_CONVERSION = YES;
				CLANG_WARN_DIRECT_OBJC_ISA_USAGE = YES_ERROR;
				CLANG_WARN_DOCUMENTATION_COMMENTS = YES;
				CLANG_WARN_EMPTY_BODY = YES;
				CLANG_WARN_ENUM_CONVERSION = YES;
				CLANG_WARN_INFINITE_RECURSION = YES;
				CLANG_WARN_INT_CONVERSION = YES;
				CLANG_WARN_OBJC_ROOT_CLASS = YES_ERROR;
				CLANG_WARN_SUSPICIOUS_MOVES = YES;
				CLANG_WARN_UNREACHABLE_CODE = YES;
				CLANG_WARN__DUPLICATE_METHOD_MATCH = YES;
				"CODE_SIGN_IDENTITY[sdk=iphoneos*]" = "iPhone Developer";
				COPY_PHASE_STRIP = NO;
				DEBUG_INFORMATION_FORMAT = "dwarf-with-dsym";
				ENABLE_NS_ASSERTIONS = NO;
				ENABLE_STRICT_OBJC_MSGSEND = YES;
				GCC_C_LANGUAGE_STANDARD = gnu99;
				GCC_NO_COMMON_BLOCKS = YES;
				GCC_WARN_64_TO_32_BIT_CONVERSION = YES;
				GCC_WARN_ABOUT_RETURN_TYPE = YES_ERROR;
				GCC_WARN_UNDECLARED_SELECTOR = YES;
				GCC_WARN_UNINITIALIZED_AUTOS = YES_AGGRESSIVE;
				GCC_WARN_UNUSED_FUNCTION = YES;
				GCC_WARN_UNUSED_VARIABLE = YES;
				IPHONEOS_DEPLOYMENT_TARGET = 10.0;
				MTL_ENABLE_DEBUG_INFO = NO;
				SDKROOT = iphoneos;
				TARGETED_DEVICE_FAMILY = "1,2";
				VALIDATE_PRODUCT = YES;
			};
			name = Release;
		};
		6070E7971DDA026600463B39 /* Debug */ = {
			isa = XCBuildConfiguration;
			buildSettings = {
				ASSETCATALOG_COMPILER_APPICON_NAME = AppIcon;
				DEVELOPMENT_TEAM = EYYZ592XT4;
				FRAMEWORK_SEARCH_PATHS = (
					"$(inherited)",
					"$(PROJECT_DIR)/FAQ",
				);
				INFOPLIST_FILE = FAQ/Info.plist;
				LD_RUNPATH_SEARCH_PATHS = "$(inherited) @executable_path/Frameworks";
				PRODUCT_BUNDLE_IDENTIFIER = haim.FAQ;
				PRODUCT_NAME = "$(TARGET_NAME)";
				TARGETED_DEVICE_FAMILY = "1,2";
			};
			name = Debug;
		};
		6070E7981DDA026600463B39 /* Release */ = {
			isa = XCBuildConfiguration;
			buildSettings = {
				ASSETCATALOG_COMPILER_APPICON_NAME = AppIcon;
				DEVELOPMENT_TEAM = EYYZ592XT4;
				FRAMEWORK_SEARCH_PATHS = (
					"$(inherited)",
					"$(PROJECT_DIR)/FAQ",
				);
				INFOPLIST_FILE = FAQ/Info.plist;
				LD_RUNPATH_SEARCH_PATHS = "$(inherited) @executable_path/Frameworks";
				PRODUCT_BUNDLE_IDENTIFIER = haim.FAQ;
				PRODUCT_NAME = "$(TARGET_NAME)";
				TARGETED_DEVICE_FAMILY = "1,2";
			};
			name = Release;
		};
		6070E79A1DDA026600463B39 /* Debug */ = {
			isa = XCBuildConfiguration;
			buildSettings = {
				BUNDLE_LOADER = "$(TEST_HOST)";
				DEVELOPMENT_TEAM = EYYZ592XT4;
				INFOPLIST_FILE = FAQTests/Info.plist;
				LD_RUNPATH_SEARCH_PATHS = "$(inherited) @executable_path/Frameworks @loader_path/Frameworks";
				PRODUCT_BUNDLE_IDENTIFIER = haim.FAQTests;
				PRODUCT_NAME = "$(TARGET_NAME)";
				TEST_HOST = "$(BUILT_PRODUCTS_DIR)/FAQ.app/FAQ";
			};
			name = Debug;
		};
		6070E79B1DDA026600463B39 /* Release */ = {
			isa = XCBuildConfiguration;
			buildSettings = {
				BUNDLE_LOADER = "$(TEST_HOST)";
				DEVELOPMENT_TEAM = EYYZ592XT4;
				INFOPLIST_FILE = FAQTests/Info.plist;
				LD_RUNPATH_SEARCH_PATHS = "$(inherited) @executable_path/Frameworks @loader_path/Frameworks";
				PRODUCT_BUNDLE_IDENTIFIER = haim.FAQTests;
				PRODUCT_NAME = "$(TARGET_NAME)";
				TEST_HOST = "$(BUILT_PRODUCTS_DIR)/FAQ.app/FAQ";
			};
			name = Release;
		};
		6070E79D1DDA026600463B39 /* Debug */ = {
			isa = XCBuildConfiguration;
			buildSettings = {
				DEVELOPMENT_TEAM = EYYZ592XT4;
				INFOPLIST_FILE = FAQUITests/Info.plist;
				LD_RUNPATH_SEARCH_PATHS = "$(inherited) @executable_path/Frameworks @loader_path/Frameworks";
				PRODUCT_BUNDLE_IDENTIFIER = haim.FAQUITests;
				PRODUCT_NAME = "$(TARGET_NAME)";
				TEST_TARGET_NAME = FAQ;
			};
			name = Debug;
		};
		6070E79E1DDA026600463B39 /* Release */ = {
			isa = XCBuildConfiguration;
			buildSettings = {
				DEVELOPMENT_TEAM = EYYZ592XT4;
				INFOPLIST_FILE = FAQUITests/Info.plist;
				LD_RUNPATH_SEARCH_PATHS = "$(inherited) @executable_path/Frameworks @loader_path/Frameworks";
				PRODUCT_BUNDLE_IDENTIFIER = haim.FAQUITests;
				PRODUCT_NAME = "$(TARGET_NAME)";
				TEST_TARGET_NAME = FAQ;
			};
			name = Release;
		};
/* End XCBuildConfiguration section */

/* Begin XCConfigurationList section */
		6070E7641DDA026600463B39 /* Build configuration list for PBXProject "FAQ" */ = {
			isa = XCConfigurationList;
			buildConfigurations = (
				6070E7941DDA026600463B39 /* Debug */,
				6070E7951DDA026600463B39 /* Release */,
			);
			defaultConfigurationIsVisible = 0;
			defaultConfigurationName = Release;
		};
		6070E7961DDA026600463B39 /* Build configuration list for PBXNativeTarget "FAQ" */ = {
			isa = XCConfigurationList;
			buildConfigurations = (
				6070E7971DDA026600463B39 /* Debug */,
				6070E7981DDA026600463B39 /* Release */,
			);
			defaultConfigurationIsVisible = 0;
			defaultConfigurationName = Release;
		};
		6070E7991DDA026600463B39 /* Build configuration list for PBXNativeTarget "FAQTests" */ = {
			isa = XCConfigurationList;
			buildConfigurations = (
				6070E79A1DDA026600463B39 /* Debug */,
				6070E79B1DDA026600463B39 /* Release */,
			);
			defaultConfigurationIsVisible = 0;
			defaultConfigurationName = Release;
		};
		6070E79C1DDA026600463B39 /* Build configuration list for PBXNativeTarget "FAQUITests" */ = {
			isa = XCConfigurationList;
			buildConfigurations = (
				6070E79D1DDA026600463B39 /* Debug */,
				6070E79E1DDA026600463B39 /* Release */,
			);
			defaultConfigurationIsVisible = 0;
			defaultConfigurationName = Release;
		};
/* End XCConfigurationList section */
	};
	rootObject = 6070E7611DDA026600463B39 /* Project object */;
}
